
Microsoft Visual Studio Solution File, Format Version 12.00
# Visual Studio Version 17
VisualStudioVersion = 17.14.36121.58 d17.14
MinimumVisualStudioVersion = 10.0.40219.1
Project("{FAE04EC0-301F-11D3-BF4B-00C04F79EFBC}") = "Fiap.Api.EnvironmentalAlert", "Fiap.Api.EnvironmentalAlert.csproj", "{525604ED-B24C-47B4-B23D-28B795AA5398}"
EndProject
Global
	GlobalSection(SolutionConfigurationPlatforms) = preSolution
		Debug|Any CPU = Debug|Any CPU
		Release|Any CPU = Release|Any CPU
	EndGlobalSection
	GlobalSection(ProjectConfigurationPlatforms) = postSolution
		{525604ED-B24C-47B4-B23D-28B795AA5398}.Debug|Any CPU.ActiveCfg = Debug|Any CPU
		{525604ED-B24C-47B4-B23D-28B795AA5398}.Debug|Any CPU.Build.0 = Debug|Any CPU
		{525604ED-B24C-47B4-B23D-28B795AA5398}.Release|Any CPU.ActiveCfg = Release|Any CPU
		{525604ED-B24C-47B4-B23D-28B795AA5398}.Release|Any CPU.Build.0 = Release|Any CPU
	EndGlobalSection
	GlobalSection(SolutionProperties) = preSolution
		HideSolutionNode = FALSE
	EndGlobalSection
	GlobalSection(ExtensibilityGlobals) = postSolution
		SolutionGuid = {2A59B624-77D3-4088-9A41-23268547A10A}
	EndGlobalSection
EndGlobal
